
Microsoft Visual Studio Solution File, Format Version 12.00
# Visual Studio Version 17
VisualStudioVersion = 17.0.31903.59
MinimumVisualStudioVersion = 10.0.40219.1
Project("{2150E333-8FDC-42A3-9474-1A3956D46DE8}") = "services", "services", "{5854FF58-B8C5-05C6-5BF2-ACE42193F22B}"
EndProject
Project("{2150E333-8FDC-42A3-9474-1A3956D46DE8}") = "UserService", "UserService", "{BB9B0570-D764-F740-A1C1-3444BA1D5022}"
EndProject
Project("{FAE04EC0-301F-11D3-BF4B-00C04F79EFBC}") = "UserService.API", "services\UserService\UserService.API\UserService.API.csproj", "{21031621-67FF-4FAF-A0F4-E118607ED50E}"
EndProject
Project("{FAE04EC0-301F-11D3-BF4B-00C04F79EFBC}") = "UserService.Application", "services\UserService\UserService.Application\UserService.Application.csproj", "{344BD53B-B978-405B-9F49-27988DDF4E0B}"
EndProject
Project("{FAE04EC0-301F-11D3-BF4B-00C04F79EFBC}") = "UserService.Domain", "services\UserService\UserService.Domain\UserService.Domain.csproj", "{6E1AAC92-E714-469B-BDA3-09AC495B6347}"
EndProject
Project("{FAE04EC0-301F-11D3-BF4B-00C04F79EFBC}") = "UserService.Infrastructure", "services\UserService\UserService.Infrastructure\UserService.Infrastructure.csproj", "{8F2AAC92-E714-469B-BDA3-09AC495B6348}"
EndProject
Project("{FAE04EC0-301F-11D3-BF4B-00C04F79EFBC}") = "UserService.Tests", "services\UserService\UserService.Tests\UserService.Tests.csproj", "{9F3AAC92-E714-469B-BDA3-09AC495B6349}"
EndProject
Project("{FAE04EC0-301F-11D3-BF4B-00C04F79EFBC}") = "Gateway.API", "gateway\Gateway.API\Gateway.API.csproj", "{A04AAC92-E714-469B-BDA3-09AC495B6350}"
EndProject
Global
	GlobalSection(SolutionConfigurationPlatforms) = preSolution
		Debug|Any CPU = Debug|Any CPU
		Debug|x64 = Debug|x64
		Debug|x86 = Debug|x86
		Release|Any CPU = Release|Any CPU
		Release|x64 = Release|x64
		Release|x86 = Release|x86
	EndGlobalSection
	GlobalSection(ProjectConfigurationPlatforms) = postSolution
		{21031621-67FF-4FAF-A0F4-E118607ED50E}.Debug|Any CPU.ActiveCfg = Debug|Any CPU
		{21031621-67FF-4FAF-A0F4-E118607ED50E}.Debug|Any CPU.Build.0 = Debug|Any CPU
		{21031621-67FF-4FAF-A0F4-E118607ED50E}.Debug|x64.ActiveCfg = Debug|Any CPU
		{21031621-67FF-4FAF-A0F4-E118607ED50E}.Debug|x64.Build.0 = Debug|Any CPU
		{21031621-67FF-4FAF-A0F4-E118607ED50E}.Debug|x86.ActiveCfg = Debug|Any CPU
		{21031621-67FF-4FAF-A0F4-E118607ED50E}.Debug|x86.Build.0 = Debug|Any CPU
		{21031621-67FF-4FAF-A0F4-E118607ED50E}.Release|Any CPU.ActiveCfg = Release|Any CPU
		{21031621-67FF-4FAF-A0F4-E118607ED50E}.Release|Any CPU.Build.0 = Release|Any CPU
		{21031621-67FF-4FAF-A0F4-E118607ED50E}.Release|x64.ActiveCfg = Release|Any CPU
		{21031621-67FF-4FAF-A0F4-E118607ED50E}.Release|x64.Build.0 = Release|Any CPU
		{21031621-67FF-4FAF-A0F4-E118607ED50E}.Release|x86.ActiveCfg = Release|Any CPU
		{21031621-67FF-4FAF-A0F4-E118607ED50E}.Release|x86.Build.0 = Release|Any CPU
		{344BD53B-B978-405B-9F49-27988DDF4E0B}.Debug|Any CPU.ActiveCfg = Debug|Any CPU
		{344BD53B-B978-405B-9F49-27988DDF4E0B}.Debug|Any CPU.Build.0 = Debug|Any CPU
		{344BD53B-B978-405B-9F49-27988DDF4E0B}.Debug|x64.ActiveCfg = Debug|Any CPU
		{344BD53B-B978-405B-9F49-27988DDF4E0B}.Debug|x64.Build.0 = Debug|Any CPU
		{344BD53B-B978-405B-9F49-27988DDF4E0B}.Debug|x86.ActiveCfg = Debug|Any CPU
		{344BD53B-B978-405B-9F49-27988DDF4E0B}.Debug|x86.Build.0 = Debug|Any CPU
		{344BD53B-B978-405B-9F49-27988DDF4E0B}.Release|Any CPU.ActiveCfg = Release|Any CPU
		{344BD53B-B978-405B-9F49-27988DDF4E0B}.Release|Any CPU.Build.0 = Release|Any CPU
		{344BD53B-B978-405B-9F49-27988DDF4E0B}.Release|x64.ActiveCfg = Release|Any CPU
		{344BD53B-B978-405B-9F49-27988DDF4E0B}.Release|x64.Build.0 = Release|Any CPU
		{344BD53B-B978-405B-9F49-27988DDF4E0B}.Release|x86.ActiveCfg = Release|Any CPU
		{344BD53B-B978-405B-9F49-27988DDF4E0B}.Release|x86.Build.0 = Release|Any CPU
		{6E1AAC92-E714-469B-BDA3-09AC495B6347}.Debug|Any CPU.ActiveCfg = Debug|Any CPU
		{6E1AAC92-E714-469B-BDA3-09AC495B6347}.Debug|Any CPU.Build.0 = Debug|Any CPU
		{6E1AAC92-E714-469B-BDA3-09AC495B6347}.Debug|x64.ActiveCfg = Debug|Any CPU
		{6E1AAC92-E714-469B-BDA3-09AC495B6347}.Debug|x64.Build.0 = Debug|Any CPU
		{6E1AAC92-E714-469B-BDA3-09AC495B6347}.Debug|x86.ActiveCfg = Debug|Any CPU
		{6E1AAC92-E714-469B-BDA3-09AC495B6347}.Debug|x86.Build.0 = Debug|Any CPU
		{6E1AAC92-E714-469B-BDA3-09AC495B6347}.Release|Any CPU.ActiveCfg = Release|Any CPU
		{6E1AAC92-E714-469B-BDA3-09AC495B6347}.Release|Any CPU.Build.0 = Release|Any CPU
		{6E1AAC92-E714-469B-BDA3-09AC495B6347}.Release|x64.ActiveCfg = Release|Any CPU
		{6E1AAC92-E714-469B-BDA3-09AC495B6347}.Release|x64.Build.0 = Release|Any CPU
		{6E1AAC92-E714-469B-BDA3-09AC495B6347}.Release|x86.ActiveCfg = Release|Any CPU
		{6E1AAC92-E714-469B-BDA3-09AC495B6347}.Release|x86.Build.0 = Release|Any CPU
		{8F2AAC92-E714-469B-BDA3-09AC495B6348}.Debug|Any CPU.ActiveCfg = Debug|Any CPU
		{8F2AAC92-E714-469B-BDA3-09AC495B6348}.Debug|Any CPU.Build.0 = Debug|Any CPU
		{8F2AAC92-E714-469B-BDA3-09AC495B6348}.Debug|x64.ActiveCfg = Debug|Any CPU
		{8F2AAC92-E714-469B-BDA3-09AC495B6348}.Debug|x64.Build.0 = Debug|Any CPU
		{8F2AAC92-E714-469B-BDA3-09AC495B6348}.Debug|x86.ActiveCfg = Debug|Any CPU
		{8F2AAC92-E714-469B-BDA3-09AC495B6348}.Debug|x86.Build.0 = Debug|Any CPU
		{8F2AAC92-E714-469B-BDA3-09AC495B6348}.Release|Any CPU.ActiveCfg = Release|Any CPU
		{8F2AAC92-E714-469B-BDA3-09AC495B6348}.Release|Any CPU.Build.0 = Release|Any CPU
		{8F2AAC92-E714-469B-BDA3-09AC495B6348}.Release|x64.ActiveCfg = Release|Any CPU
		{8F2AAC92-E714-469B-BDA3-09AC495B6348}.Release|x64.Build.0 = Release|Any CPU
		{8F2AAC92-E714-469B-BDA3-09AC495B6348}.Release|x86.ActiveCfg = Release|Any CPU
		{8F2AAC92-E714-469B-BDA3-09AC495B6348}.Release|x86.Build.0 = Release|Any CPU
		{9F3AAC92-E714-469B-BDA3-09AC495B6349}.Debug|Any CPU.ActiveCfg = Debug|Any CPU
		{9F3AAC92-E714-469B-BDA3-09AC495B6349}.Debug|Any CPU.Build.0 = Debug|Any CPU
		{9F3AAC92-E714-469B-BDA3-09AC495B6349}.Debug|x64.ActiveCfg = Debug|Any CPU
		{9F3AAC92-E714-469B-BDA3-09AC495B6349}.Debug|x64.Build.0 = Debug|Any CPU
		{9F3AAC92-E714-469B-BDA3-09AC495B6349}.Debug|x86.ActiveCfg = Debug|Any CPU
		{9F3AAC92-E714-469B-BDA3-09AC495B6349}.Debug|x86.Build.0 = Debug|Any CPU
		{9F3AAC92-E714-469B-BDA3-09AC495B6349}.Release|Any CPU.ActiveCfg = Release|Any CPU
		{9F3AAC92-E714-469B-BDA3-09AC495B6349}.Release|Any CPU.Build.0 = Release|Any CPU
		{9F3AAC92-E714-469B-BDA3-09AC495B6349}.Release|x64.ActiveCfg = Release|Any CPU
		{9F3AAC92-E714-469B-BDA3-09AC495B6349}.Release|x64.Build.0 = Release|Any CPU
		{9F3AAC92-E714-469B-BDA3-09AC495B6349}.Release|x86.ActiveCfg = Release|Any CPU
		{9F3AAC92-E714-469B-BDA3-09AC495B6349}.Release|x86.Build.0 = Release|Any CPU
		{A04AAC92-E714-469B-BDA3-09AC495B6350}.Debug|Any CPU.ActiveCfg = Debug|Any CPU
		{A04AAC92-E714-469B-BDA3-09AC495B6350}.Debug|Any CPU.Build.0 = Debug|Any CPU
		{A04AAC92-E714-469B-BDA3-09AC495B6350}.Debug|x64.ActiveCfg = Debug|Any CPU
		{A04AAC92-E714-469B-BDA3-09AC495B6350}.Debug|x64.Build.0 = Debug|Any CPU
		{A04AAC92-E714-469B-BDA3-09AC495B6350}.Debug|x86.ActiveCfg = Debug|Any CPU
		{A04AAC92-E714-469B-BDA3-09AC495B6350}.Debug|x86.Build.0 = Debug|Any CPU
		{A04AAC92-E714-469B-BDA3-09AC495B6350}.Release|Any CPU.ActiveCfg = Release|Any CPU
		{A04AAC92-E714-469B-BDA3-09AC495B6350}.Release|Any CPU.Build.0 = Release|Any CPU
		{A04AAC92-E714-469B-BDA3-09AC495B6350}.Release|x64.ActiveCfg = Release|Any CPU
		{A04AAC92-E714-469B-BDA3-09AC495B6350}.Release|x64.Build.0 = Release|Any CPU
		{A04AAC92-E714-469B-BDA3-09AC495B6350}.Release|x86.ActiveCfg = Release|Any CPU
		{A04AAC92-E714-469B-BDA3-09AC495B6350}.Release|x86.Build.0 = Release|Any CPU
	EndGlobalSection
	GlobalSection(SolutionProperties) = preSolution
		HideSolutionNode = FALSE
	EndGlobalSection
	GlobalSection(NestedProjects) = preSolution
		{BB9B0570-D764-F740-A1C1-3444BA1D5022} = {5854FF58-B8C5-05C6-5BF2-ACE42193F22B}
		{21031621-67FF-4FAF-A0F4-E118607ED50E} = {BB9B0570-D764-F740-A1C1-3444BA1D5022}
		{344BD53B-B978-405B-9F49-27988DDF4E0B} = {BB9B0570-D764-F740-A1C1-3444BA1D5022}
		{6E1AAC92-E714-469B-BDA3-09AC495B6347} = {BB9B0570-D764-F740-A1C1-3444BA1D5022}
		{8F2AAC92-E714-469B-BDA3-09AC495B6348} = {BB9B0570-D764-F740-A1C1-3444BA1D5022}
		{9F3AAC92-E714-469B-BDA3-09AC495B6349} = {BB9B0570-D764-F740-A1C1-3444BA1D5022}
		{A04AAC92-E714-469B-BDA3-09AC495B6350} = {5854FF58-B8C5-05C6-5BF2-ACE42193F22B}
	EndGlobalSection
EndGlobal
